
Microsoft Visual Studio Solution File, Format Version 12.00
# Visual Studio 15
Project("{FAE04EC0-301F-11D3-BF4B-00C04F79EFBC}") = "Assembly-CSharp", "Assembly-CSharp.csproj", "{4FFD2657-AF10-49AA-5DC0-185A719AA01B}"
EndProject
Project("{FAE04EC0-301F-11D3-BF4B-00C04F79EFBC}") = "Assembly-CSharp-Editor", "Assembly-CSharp-Editor.csproj", "{44BCA6E5-0919-0338-2D38-B07736A833DB}"
EndProject
Global
	GlobalSection(SolutionConfigurationPlatforms) = preSolution
		Debug|Any CPU = Debug|Any CPU
		Release|Any CPU = Release|Any CPU
	EndGlobalSection
	GlobalSection(ProjectConfigurationPlatforms) = postSolution
		{4FFD2657-AF10-49AA-5DC0-185A719AA01B}.Debug|Any CPU.ActiveCfg = Debug|Any CPU
		{4FFD2657-AF10-49AA-5DC0-185A719AA01B}.Debug|Any CPU.Build.0 = Debug|Any CPU
		{4FFD2657-AF10-49AA-5DC0-185A719AA01B}.Release|Any CPU.ActiveCfg = Release|Any CPU
		{4FFD2657-AF10-49AA-5DC0-185A719AA01B}.Release|Any CPU.Build.0 = Release|Any CPU
		{44BCA6E5-0919-0338-2D38-B07736A833DB}.Debug|Any CPU.ActiveCfg = Debug|Any CPU
		{44BCA6E5-0919-0338-2D38-B07736A833DB}.Debug|Any CPU.Build.0 = Debug|Any CPU
		{44BCA6E5-0919-0338-2D38-B07736A833DB}.Release|Any CPU.ActiveCfg = Release|Any CPU
		{44BCA6E5-0919-0338-2D38-B07736A833DB}.Release|Any CPU.Build.0 = Release|Any CPU
	EndGlobalSection
	GlobalSection(SolutionProperties) = preSolution
		HideSolutionNode = FALSE
	EndGlobalSection
EndGlobal
